
Microsoft Visual Studio Solution File, Format Version 12.00
# Visual Studio Version 16
VisualStudioVersion = 16.0.31112.23
MinimumVisualStudioVersion = 10.0.40219.1
Project("{9A19103F-16F7-4668-BE54-9A1E7A4F7556}") = "01. Data Types", "01. Data Types\01. Data Types.csproj", "{3EE564A3-7CB5-40BA-BF44-65556E6A6820}"
EndProject
Project("{9A19103F-16F7-4668-BE54-9A1E7A4F7556}") = "02. Center Point", "02. Center Point\02. Center Point.csproj", "{8FE5E035-D34E-4B9F-BCB1-50BCE59DFD9B}"
EndProject
Project("{9A19103F-16F7-4668-BE54-9A1E7A4F7556}") = "03. Longer Line", "03. Longer Line\03. Longer Line.csproj", "{25FE6711-D6D6-429E-8F86-7EC14335FDF8}"
EndProject
Project("{9A19103F-16F7-4668-BE54-9A1E7A4F7556}") = "04. Tribonacci Sequence", "04. Tribonacci Sequence\04. Tribonacci Sequence.csproj", "{705F3189-D6A0-4C92-966F-DADE3300EA79}"
EndProject
Project("{FAE04EC0-301F-11D3-BF4B-00C04F79EFBC}") = "05. Multiplication Sign", "05. Multiplication Sign\05. Multiplication Sign.csproj", "{A12C419B-8D49-4818-9D99-390F6A4C63BE}"
EndProject
Global
	GlobalSection(SolutionConfigurationPlatforms) = preSolution
		Debug|Any CPU = Debug|Any CPU
		Release|Any CPU = Release|Any CPU
	EndGlobalSection
	GlobalSection(ProjectConfigurationPlatforms) = postSolution
		{3EE564A3-7CB5-40BA-BF44-65556E6A6820}.Debug|Any CPU.ActiveCfg = Debug|Any CPU
		{3EE564A3-7CB5-40BA-BF44-65556E6A6820}.Debug|Any CPU.Build.0 = Debug|Any CPU
		{3EE564A3-7CB5-40BA-BF44-65556E6A6820}.Release|Any CPU.ActiveCfg = Release|Any CPU
		{3EE564A3-7CB5-40BA-BF44-65556E6A6820}.Release|Any CPU.Build.0 = Release|Any CPU
		{8FE5E035-D34E-4B9F-BCB1-50BCE59DFD9B}.Debug|Any CPU.ActiveCfg = Debug|Any CPU
		{8FE5E035-D34E-4B9F-BCB1-50BCE59DFD9B}.Debug|Any CPU.Build.0 = Debug|Any CPU
		{8FE5E035-D34E-4B9F-BCB1-50BCE59DFD9B}.Release|Any CPU.ActiveCfg = Release|Any CPU
		{8FE5E035-D34E-4B9F-BCB1-50BCE59DFD9B}.Release|Any CPU.Build.0 = Release|Any CPU
		{25FE6711-D6D6-429E-8F86-7EC14335FDF8}.Debug|Any CPU.ActiveCfg = Debug|Any CPU
		{25FE6711-D6D6-429E-8F86-7EC14335FDF8}.Debug|Any CPU.Build.0 = Debug|Any CPU
		{25FE6711-D6D6-429E-8F86-7EC14335FDF8}.Release|Any CPU.ActiveCfg = Release|Any CPU
		{25FE6711-D6D6-429E-8F86-7EC14335FDF8}.Release|Any CPU.Build.0 = Release|Any CPU
		{705F3189-D6A0-4C92-966F-DADE3300EA79}.Debug|Any CPU.ActiveCfg = Debug|Any CPU
		{705F3189-D6A0-4C92-966F-DADE3300EA79}.Debug|Any CPU.Build.0 = Debug|Any CPU
		{705F3189-D6A0-4C92-966F-DADE3300EA79}.Release|Any CPU.ActiveCfg = Release|Any CPU
		{705F3189-D6A0-4C92-966F-DADE3300EA79}.Release|Any CPU.Build.0 = Release|Any CPU
		{A12C419B-8D49-4818-9D99-390F6A4C63BE}.Debug|Any CPU.ActiveCfg = Debug|Any CPU
		{A12C419B-8D49-4818-9D99-390F6A4C63BE}.Debug|Any CPU.Build.0 = Debug|Any CPU
		{A12C419B-8D49-4818-9D99-390F6A4C63BE}.Release|Any CPU.ActiveCfg = Release|Any CPU
		{A12C419B-8D49-4818-9D99-390F6A4C63BE}.Release|Any CPU.Build.0 = Release|Any CPU
	EndGlobalSection
	GlobalSection(SolutionProperties) = preSolution
		HideSolutionNode = FALSE
	EndGlobalSection
	GlobalSection(ExtensibilityGlobals) = postSolution
		SolutionGuid = {9306E9D4-257B-4BE6-B28A-7F41621105F7}
	EndGlobalSection
EndGlobal
