
Microsoft Visual Studio Solution File, Format Version 12.00
# Visual Studio Version 16
VisualStudioVersion = 16.0.31205.134
MinimumVisualStudioVersion = 10.0.40219.1
Project("{9A19103F-16F7-4668-BE54-9A1E7A4F7556}") = "01. Extract Person Information", "01. Extract Person Information\01. Extract Person Information.csproj", "{59FFF513-F6D7-478E-99B7-58109C157332}"
EndProject
Project("{9A19103F-16F7-4668-BE54-9A1E7A4F7556}") = "02. Ascii Sumator", "02. Ascii Sumator\02. Ascii Sumator.csproj", "{F57D709B-EFE0-4F1B-B389-2AFC8577C05C}"
EndProject
Project("{9A19103F-16F7-4668-BE54-9A1E7A4F7556}") = "03. Treasure Finder", "03. Treasure Finder\03. Treasure Finder.csproj", "{447D8010-E841-4DEE-A655-E83364B1A430}"
EndProject
Project("{FAE04EC0-301F-11D3-BF4B-00C04F79EFBC}") = "04. HTML", "04. HTML\04. HTML.csproj", "{34016A50-694E-4836-9A69-46D032FBC6FB}"
EndProject
Global
	GlobalSection(SolutionConfigurationPlatforms) = preSolution
		Debug|Any CPU = Debug|Any CPU
		Release|Any CPU = Release|Any CPU
	EndGlobalSection
	GlobalSection(ProjectConfigurationPlatforms) = postSolution
		{59FFF513-F6D7-478E-99B7-58109C157332}.Debug|Any CPU.ActiveCfg = Debug|Any CPU
		{59FFF513-F6D7-478E-99B7-58109C157332}.Debug|Any CPU.Build.0 = Debug|Any CPU
		{59FFF513-F6D7-478E-99B7-58109C157332}.Release|Any CPU.ActiveCfg = Release|Any CPU
		{59FFF513-F6D7-478E-99B7-58109C157332}.Release|Any CPU.Build.0 = Release|Any CPU
		{F57D709B-EFE0-4F1B-B389-2AFC8577C05C}.Debug|Any CPU.ActiveCfg = Debug|Any CPU
		{F57D709B-EFE0-4F1B-B389-2AFC8577C05C}.Debug|Any CPU.Build.0 = Debug|Any CPU
		{F57D709B-EFE0-4F1B-B389-2AFC8577C05C}.Release|Any CPU.ActiveCfg = Release|Any CPU
		{F57D709B-EFE0-4F1B-B389-2AFC8577C05C}.Release|Any CPU.Build.0 = Release|Any CPU
		{447D8010-E841-4DEE-A655-E83364B1A430}.Debug|Any CPU.ActiveCfg = Debug|Any CPU
		{447D8010-E841-4DEE-A655-E83364B1A430}.Debug|Any CPU.Build.0 = Debug|Any CPU
		{447D8010-E841-4DEE-A655-E83364B1A430}.Release|Any CPU.ActiveCfg = Release|Any CPU
		{447D8010-E841-4DEE-A655-E83364B1A430}.Release|Any CPU.Build.0 = Release|Any CPU
		{34016A50-694E-4836-9A69-46D032FBC6FB}.Debug|Any CPU.ActiveCfg = Debug|Any CPU
		{34016A50-694E-4836-9A69-46D032FBC6FB}.Debug|Any CPU.Build.0 = Debug|Any CPU
		{34016A50-694E-4836-9A69-46D032FBC6FB}.Release|Any CPU.ActiveCfg = Release|Any CPU
		{34016A50-694E-4836-9A69-46D032FBC6FB}.Release|Any CPU.Build.0 = Release|Any CPU
	EndGlobalSection
	GlobalSection(SolutionProperties) = preSolution
		HideSolutionNode = FALSE
	EndGlobalSection
	GlobalSection(ExtensibilityGlobals) = postSolution
		SolutionGuid = {D80B0CF4-A3D1-489D-8AD8-588E728C3323}
	EndGlobalSection
EndGlobal
