
Microsoft Visual Studio Solution File, Format Version 12.00
# Visual Studio Version 16
VisualStudioVersion = 16.0.31112.23
MinimumVisualStudioVersion = 10.0.40219.1
Project("{9A19103F-16F7-4668-BE54-9A1E7A4F7556}") = "01. Train", "01. Train\01. Train.csproj", "{460612BD-5C17-4680-BAAA-DAC733460030}"
EndProject
Project("{9A19103F-16F7-4668-BE54-9A1E7A4F7556}") = "02. Change List", "02. Change List\02. Change List.csproj", "{1E6B5A6F-74A2-43BF-B62E-DF2BC63208C5}"
EndProject
Project("{9A19103F-16F7-4668-BE54-9A1E7A4F7556}") = "03. House Party", "03. House Party\03. House Party.csproj", "{BBA54B7B-D016-4C51-B12E-E5A945CB9987}"
EndProject
Project("{9A19103F-16F7-4668-BE54-9A1E7A4F7556}") = "04. List Operations", "04. List Operations\04. List Operations.csproj", "{C9437BAB-991C-4389-AC9A-BBDAD5FB14C4}"
EndProject
Project("{9A19103F-16F7-4668-BE54-9A1E7A4F7556}") = "05. Bomb Numbers", "05. Bomb Numbers\05. Bomb Numbers.csproj", "{5470EA43-0EFA-4B91-9D3C-E1314BC81588}"
EndProject
Project("{FAE04EC0-301F-11D3-BF4B-00C04F79EFBC}") = "06. Cards Game", "06. Cards Game\06. Cards Game.csproj", "{9CDF5F72-F297-4A92-BED0-9608979F0D6B}"
EndProject
Project("{FAE04EC0-301F-11D3-BF4B-00C04F79EFBC}") = "07. Append Arrays", "07. Append Arrays\07. Append Arrays.csproj", "{CEC0EE2D-773C-4F06-9917-58CC4EC32DAE}"
EndProject
Project("{FAE04EC0-301F-11D3-BF4B-00C04F79EFBC}") = "08. Anonymous Threat", "08. Anonymous Threat\08. Anonymous Threat.csproj", "{AD362255-503E-4811-9110-7C0FB9986EF1}"
EndProject
Project("{FAE04EC0-301F-11D3-BF4B-00C04F79EFBC}") = "09. Pokemon Don't Go", "09. Pokemon Don't Go\09. Pokemon Don't Go.csproj", "{32437A07-6407-4814-9213-AC5289485555}"
EndProject
Global
	GlobalSection(SolutionConfigurationPlatforms) = preSolution
		Debug|Any CPU = Debug|Any CPU
		Release|Any CPU = Release|Any CPU
	EndGlobalSection
	GlobalSection(ProjectConfigurationPlatforms) = postSolution
		{460612BD-5C17-4680-BAAA-DAC733460030}.Debug|Any CPU.ActiveCfg = Debug|Any CPU
		{460612BD-5C17-4680-BAAA-DAC733460030}.Debug|Any CPU.Build.0 = Debug|Any CPU
		{460612BD-5C17-4680-BAAA-DAC733460030}.Release|Any CPU.ActiveCfg = Release|Any CPU
		{460612BD-5C17-4680-BAAA-DAC733460030}.Release|Any CPU.Build.0 = Release|Any CPU
		{1E6B5A6F-74A2-43BF-B62E-DF2BC63208C5}.Debug|Any CPU.ActiveCfg = Debug|Any CPU
		{1E6B5A6F-74A2-43BF-B62E-DF2BC63208C5}.Debug|Any CPU.Build.0 = Debug|Any CPU
		{1E6B5A6F-74A2-43BF-B62E-DF2BC63208C5}.Release|Any CPU.ActiveCfg = Release|Any CPU
		{1E6B5A6F-74A2-43BF-B62E-DF2BC63208C5}.Release|Any CPU.Build.0 = Release|Any CPU
		{BBA54B7B-D016-4C51-B12E-E5A945CB9987}.Debug|Any CPU.ActiveCfg = Debug|Any CPU
		{BBA54B7B-D016-4C51-B12E-E5A945CB9987}.Debug|Any CPU.Build.0 = Debug|Any CPU
		{BBA54B7B-D016-4C51-B12E-E5A945CB9987}.Release|Any CPU.ActiveCfg = Release|Any CPU
		{BBA54B7B-D016-4C51-B12E-E5A945CB9987}.Release|Any CPU.Build.0 = Release|Any CPU
		{C9437BAB-991C-4389-AC9A-BBDAD5FB14C4}.Debug|Any CPU.ActiveCfg = Debug|Any CPU
		{C9437BAB-991C-4389-AC9A-BBDAD5FB14C4}.Debug|Any CPU.Build.0 = Debug|Any CPU
		{C9437BAB-991C-4389-AC9A-BBDAD5FB14C4}.Release|Any CPU.ActiveCfg = Release|Any CPU
		{C9437BAB-991C-4389-AC9A-BBDAD5FB14C4}.Release|Any CPU.Build.0 = Release|Any CPU
		{5470EA43-0EFA-4B91-9D3C-E1314BC81588}.Debug|Any CPU.ActiveCfg = Debug|Any CPU
		{5470EA43-0EFA-4B91-9D3C-E1314BC81588}.Debug|Any CPU.Build.0 = Debug|Any CPU
		{5470EA43-0EFA-4B91-9D3C-E1314BC81588}.Release|Any CPU.ActiveCfg = Release|Any CPU
		{5470EA43-0EFA-4B91-9D3C-E1314BC81588}.Release|Any CPU.Build.0 = Release|Any CPU
		{9CDF5F72-F297-4A92-BED0-9608979F0D6B}.Debug|Any CPU.ActiveCfg = Debug|Any CPU
		{9CDF5F72-F297-4A92-BED0-9608979F0D6B}.Debug|Any CPU.Build.0 = Debug|Any CPU
		{9CDF5F72-F297-4A92-BED0-9608979F0D6B}.Release|Any CPU.ActiveCfg = Release|Any CPU
		{9CDF5F72-F297-4A92-BED0-9608979F0D6B}.Release|Any CPU.Build.0 = Release|Any CPU
		{CEC0EE2D-773C-4F06-9917-58CC4EC32DAE}.Debug|Any CPU.ActiveCfg = Debug|Any CPU
		{CEC0EE2D-773C-4F06-9917-58CC4EC32DAE}.Debug|Any CPU.Build.0 = Debug|Any CPU
		{CEC0EE2D-773C-4F06-9917-58CC4EC32DAE}.Release|Any CPU.ActiveCfg = Release|Any CPU
		{CEC0EE2D-773C-4F06-9917-58CC4EC32DAE}.Release|Any CPU.Build.0 = Release|Any CPU
		{AD362255-503E-4811-9110-7C0FB9986EF1}.Debug|Any CPU.ActiveCfg = Debug|Any CPU
		{AD362255-503E-4811-9110-7C0FB9986EF1}.Debug|Any CPU.Build.0 = Debug|Any CPU
		{AD362255-503E-4811-9110-7C0FB9986EF1}.Release|Any CPU.ActiveCfg = Release|Any CPU
		{AD362255-503E-4811-9110-7C0FB9986EF1}.Release|Any CPU.Build.0 = Release|Any CPU
		{32437A07-6407-4814-9213-AC5289485555}.Debug|Any CPU.ActiveCfg = Debug|Any CPU
		{32437A07-6407-4814-9213-AC5289485555}.Debug|Any CPU.Build.0 = Debug|Any CPU
		{32437A07-6407-4814-9213-AC5289485555}.Release|Any CPU.ActiveCfg = Release|Any CPU
		{32437A07-6407-4814-9213-AC5289485555}.Release|Any CPU.Build.0 = Release|Any CPU
	EndGlobalSection
	GlobalSection(SolutionProperties) = preSolution
		HideSolutionNode = FALSE
	EndGlobalSection
	GlobalSection(ExtensibilityGlobals) = postSolution
		SolutionGuid = {F8E2CE2D-BDB8-41CB-8A56-2B996C91016B}
	EndGlobalSection
EndGlobal
