
Microsoft Visual Studio Solution File, Format Version 12.00
# Visual Studio Version 16
VisualStudioVersion = 16.0.31112.23
MinimumVisualStudioVersion = 10.0.40219.1
Project("{FAE04EC0-301F-11D3-BF4B-00C04F79EFBC}") = "01. Randomize Words", "01. Randomize Words\01. Randomize Words.csproj", "{C1F63701-942F-43F6-8D4E-37292358EAE5}"
EndProject
Project("{FAE04EC0-301F-11D3-BF4B-00C04F79EFBC}") = "02. Big Factorial", "02. Big Factorial\02. Big Factorial.csproj", "{69871194-3003-4160-994E-45DB1A22B80E}"
EndProject
Project("{FAE04EC0-301F-11D3-BF4B-00C04F79EFBC}") = "03. Songs", "03. Songs\03. Songs.csproj", "{71511B0C-2420-40EA-BB3F-34289BC2B00E}"
EndProject
Project("{FAE04EC0-301F-11D3-BF4B-00C04F79EFBC}") = "04. Students", "04. Students\04. Students.csproj", "{195EBD91-FF62-4DD2-B2F7-2FE710BCFA00}"
EndProject
Project("{FAE04EC0-301F-11D3-BF4B-00C04F79EFBC}") = "05. Students 2.0", "05. Students 2.0\05. Students 2.0.csproj", "{27EFE819-FDCE-4569-8F19-3A46FE872D9C}"
EndProject
Project("{FAE04EC0-301F-11D3-BF4B-00C04F79EFBC}") = "06. Store Boxes", "06. Store Boxes\06. Store Boxes.csproj", "{F260C1F6-9545-469F-B414-1FD1EE55516C}"
EndProject
Global
	GlobalSection(SolutionConfigurationPlatforms) = preSolution
		Debug|Any CPU = Debug|Any CPU
		Release|Any CPU = Release|Any CPU
	EndGlobalSection
	GlobalSection(ProjectConfigurationPlatforms) = postSolution
		{C1F63701-942F-43F6-8D4E-37292358EAE5}.Debug|Any CPU.ActiveCfg = Debug|Any CPU
		{C1F63701-942F-43F6-8D4E-37292358EAE5}.Debug|Any CPU.Build.0 = Debug|Any CPU
		{C1F63701-942F-43F6-8D4E-37292358EAE5}.Release|Any CPU.ActiveCfg = Release|Any CPU
		{C1F63701-942F-43F6-8D4E-37292358EAE5}.Release|Any CPU.Build.0 = Release|Any CPU
		{69871194-3003-4160-994E-45DB1A22B80E}.Debug|Any CPU.ActiveCfg = Debug|Any CPU
		{69871194-3003-4160-994E-45DB1A22B80E}.Debug|Any CPU.Build.0 = Debug|Any CPU
		{69871194-3003-4160-994E-45DB1A22B80E}.Release|Any CPU.ActiveCfg = Release|Any CPU
		{69871194-3003-4160-994E-45DB1A22B80E}.Release|Any CPU.Build.0 = Release|Any CPU
		{71511B0C-2420-40EA-BB3F-34289BC2B00E}.Debug|Any CPU.ActiveCfg = Debug|Any CPU
		{71511B0C-2420-40EA-BB3F-34289BC2B00E}.Debug|Any CPU.Build.0 = Debug|Any CPU
		{71511B0C-2420-40EA-BB3F-34289BC2B00E}.Release|Any CPU.ActiveCfg = Release|Any CPU
		{71511B0C-2420-40EA-BB3F-34289BC2B00E}.Release|Any CPU.Build.0 = Release|Any CPU
		{195EBD91-FF62-4DD2-B2F7-2FE710BCFA00}.Debug|Any CPU.ActiveCfg = Debug|Any CPU
		{195EBD91-FF62-4DD2-B2F7-2FE710BCFA00}.Debug|Any CPU.Build.0 = Debug|Any CPU
		{195EBD91-FF62-4DD2-B2F7-2FE710BCFA00}.Release|Any CPU.ActiveCfg = Release|Any CPU
		{195EBD91-FF62-4DD2-B2F7-2FE710BCFA00}.Release|Any CPU.Build.0 = Release|Any CPU
		{27EFE819-FDCE-4569-8F19-3A46FE872D9C}.Debug|Any CPU.ActiveCfg = Debug|Any CPU
		{27EFE819-FDCE-4569-8F19-3A46FE872D9C}.Debug|Any CPU.Build.0 = Debug|Any CPU
		{27EFE819-FDCE-4569-8F19-3A46FE872D9C}.Release|Any CPU.ActiveCfg = Release|Any CPU
		{27EFE819-FDCE-4569-8F19-3A46FE872D9C}.Release|Any CPU.Build.0 = Release|Any CPU
		{F260C1F6-9545-469F-B414-1FD1EE55516C}.Debug|Any CPU.ActiveCfg = Debug|Any CPU
		{F260C1F6-9545-469F-B414-1FD1EE55516C}.Debug|Any CPU.Build.0 = Debug|Any CPU
		{F260C1F6-9545-469F-B414-1FD1EE55516C}.Release|Any CPU.ActiveCfg = Release|Any CPU
		{F260C1F6-9545-469F-B414-1FD1EE55516C}.Release|Any CPU.Build.0 = Release|Any CPU
	EndGlobalSection
	GlobalSection(SolutionProperties) = preSolution
		HideSolutionNode = FALSE
	EndGlobalSection
	GlobalSection(ExtensibilityGlobals) = postSolution
		SolutionGuid = {E5C5F216-2ED2-4801-B73B-5306FCD7A78B}
	EndGlobalSection
EndGlobal
