
Microsoft Visual Studio Solution File, Format Version 12.00
# Visual Studio Version 16
VisualStudioVersion = 16.0.31112.23
MinimumVisualStudioVersion = 10.0.40219.1
Project("{FAE04EC0-301F-11D3-BF4B-00C04F79EFBC}") = "01. Encrypt, Sort and Print Array", "01. Encrypt, Sort and Print Array\01. Encrypt, Sort and Print Array.csproj", "{B59BC360-1AA3-4244-BD49-0592BEA09997}"
EndProject
Project("{FAE04EC0-301F-11D3-BF4B-00C04F79EFBC}") = "02. Pascal Triangle", "02. Pascal Triangle\02. Pascal Triangle.csproj", "{B9C6D5CB-80DA-47B5-B931-BDA841F45335}"
EndProject
Project("{FAE04EC0-301F-11D3-BF4B-00C04F79EFBC}") = "03. Recursive Fibonacci", "03. Recursive Fibonacci\03. Recursive Fibonacci.csproj", "{2B7F42A4-3811-42F7-A6FE-3F59FB92DC71}"
EndProject
Project("{FAE04EC0-301F-11D3-BF4B-00C04F79EFBC}") = "04. Fold and Sum", "04. Fold and Sum\04. Fold and Sum.csproj", "{7DE5F03E-8E51-458F-94FE-AEE5B36900B9}"
EndProject
Project("{FAE04EC0-301F-11D3-BF4B-00C04F79EFBC}") = "05. Longest Increasing Subsequence", "05. Longest Increasing Subsequence\05. Longest Increasing Subsequence.csproj", "{C408E799-524D-4D5D-9298-CB4692027A72}"
EndProject
Global
	GlobalSection(SolutionConfigurationPlatforms) = preSolution
		Debug|Any CPU = Debug|Any CPU
		Release|Any CPU = Release|Any CPU
	EndGlobalSection
	GlobalSection(ProjectConfigurationPlatforms) = postSolution
		{B59BC360-1AA3-4244-BD49-0592BEA09997}.Debug|Any CPU.ActiveCfg = Debug|Any CPU
		{B59BC360-1AA3-4244-BD49-0592BEA09997}.Debug|Any CPU.Build.0 = Debug|Any CPU
		{B59BC360-1AA3-4244-BD49-0592BEA09997}.Release|Any CPU.ActiveCfg = Release|Any CPU
		{B59BC360-1AA3-4244-BD49-0592BEA09997}.Release|Any CPU.Build.0 = Release|Any CPU
		{B9C6D5CB-80DA-47B5-B931-BDA841F45335}.Debug|Any CPU.ActiveCfg = Debug|Any CPU
		{B9C6D5CB-80DA-47B5-B931-BDA841F45335}.Debug|Any CPU.Build.0 = Debug|Any CPU
		{B9C6D5CB-80DA-47B5-B931-BDA841F45335}.Release|Any CPU.ActiveCfg = Release|Any CPU
		{B9C6D5CB-80DA-47B5-B931-BDA841F45335}.Release|Any CPU.Build.0 = Release|Any CPU
		{2B7F42A4-3811-42F7-A6FE-3F59FB92DC71}.Debug|Any CPU.ActiveCfg = Debug|Any CPU
		{2B7F42A4-3811-42F7-A6FE-3F59FB92DC71}.Debug|Any CPU.Build.0 = Debug|Any CPU
		{2B7F42A4-3811-42F7-A6FE-3F59FB92DC71}.Release|Any CPU.ActiveCfg = Release|Any CPU
		{2B7F42A4-3811-42F7-A6FE-3F59FB92DC71}.Release|Any CPU.Build.0 = Release|Any CPU
		{7DE5F03E-8E51-458F-94FE-AEE5B36900B9}.Debug|Any CPU.ActiveCfg = Debug|Any CPU
		{7DE5F03E-8E51-458F-94FE-AEE5B36900B9}.Debug|Any CPU.Build.0 = Debug|Any CPU
		{7DE5F03E-8E51-458F-94FE-AEE5B36900B9}.Release|Any CPU.ActiveCfg = Release|Any CPU
		{7DE5F03E-8E51-458F-94FE-AEE5B36900B9}.Release|Any CPU.Build.0 = Release|Any CPU
		{C408E799-524D-4D5D-9298-CB4692027A72}.Debug|Any CPU.ActiveCfg = Debug|Any CPU
		{C408E799-524D-4D5D-9298-CB4692027A72}.Debug|Any CPU.Build.0 = Debug|Any CPU
		{C408E799-524D-4D5D-9298-CB4692027A72}.Release|Any CPU.ActiveCfg = Release|Any CPU
		{C408E799-524D-4D5D-9298-CB4692027A72}.Release|Any CPU.Build.0 = Release|Any CPU
	EndGlobalSection
	GlobalSection(SolutionProperties) = preSolution
		HideSolutionNode = FALSE
	EndGlobalSection
	GlobalSection(ExtensibilityGlobals) = postSolution
		SolutionGuid = {60B2AFB5-9431-4FB7-997D-3F7DD85FBE2B}
	EndGlobalSection
EndGlobal
