
Microsoft Visual Studio Solution File, Format Version 12.00
# Visual Studio Version 16
VisualStudioVersion = 16.0.31112.23
MinimumVisualStudioVersion = 10.0.40219.1
Project("{FAE04EC0-301F-11D3-BF4B-00C04F79EFBC}") = "01. Sum Adjacent Equal Numbers", "01. Sum Adjacent Equal Numbers\01. Sum Adjacent Equal Numbers.csproj", "{D6B74F66-02BC-4014-A9EC-4D02E2DE8552}"
EndProject
Project("{FAE04EC0-301F-11D3-BF4B-00C04F79EFBC}") = "02. Gauss' Trick", "02. Gauss' Trick\02. Gauss' Trick.csproj", "{7051D9F2-BE09-4A62-85C6-56FD8D0DDD3B}"
EndProject
Project("{FAE04EC0-301F-11D3-BF4B-00C04F79EFBC}") = "03. Merging Lists", "03. Merging Lists\03. Merging Lists.csproj", "{4854C2FB-ECBD-4A14-882A-8F618FAB2EC6}"
EndProject
Project("{FAE04EC0-301F-11D3-BF4B-00C04F79EFBC}") = "04. List of Products", "04. List of Products\04. List of Products.csproj", "{46B4A084-4181-4854-B797-C04DEBE15735}"
EndProject
Project("{FAE04EC0-301F-11D3-BF4B-00C04F79EFBC}") = "05. Remove Negatives and Reverse", "05. Remove Negatives and Reverse\05. Remove Negatives and Reverse.csproj", "{063C9EB4-2DB8-4D5F-B71F-1E99E4B7E2BD}"
EndProject
Project("{FAE04EC0-301F-11D3-BF4B-00C04F79EFBC}") = "06. List Manipulation Basics", "06. List Manipulation Basics\06. List Manipulation Basics.csproj", "{C9309ECF-1AC6-4CB2-A6B5-E0995916E465}"
EndProject
Project("{FAE04EC0-301F-11D3-BF4B-00C04F79EFBC}") = "07. List Manipulation Advanced", "07. List Manipulation Advanced\07. List Manipulation Advanced.csproj", "{0370FAC2-4037-4A77-BC5F-F9D7538DA99C}"
EndProject
Global
	GlobalSection(SolutionConfigurationPlatforms) = preSolution
		Debug|Any CPU = Debug|Any CPU
		Release|Any CPU = Release|Any CPU
	EndGlobalSection
	GlobalSection(ProjectConfigurationPlatforms) = postSolution
		{D6B74F66-02BC-4014-A9EC-4D02E2DE8552}.Debug|Any CPU.ActiveCfg = Debug|Any CPU
		{D6B74F66-02BC-4014-A9EC-4D02E2DE8552}.Debug|Any CPU.Build.0 = Debug|Any CPU
		{D6B74F66-02BC-4014-A9EC-4D02E2DE8552}.Release|Any CPU.ActiveCfg = Release|Any CPU
		{D6B74F66-02BC-4014-A9EC-4D02E2DE8552}.Release|Any CPU.Build.0 = Release|Any CPU
		{7051D9F2-BE09-4A62-85C6-56FD8D0DDD3B}.Debug|Any CPU.ActiveCfg = Debug|Any CPU
		{7051D9F2-BE09-4A62-85C6-56FD8D0DDD3B}.Debug|Any CPU.Build.0 = Debug|Any CPU
		{7051D9F2-BE09-4A62-85C6-56FD8D0DDD3B}.Release|Any CPU.ActiveCfg = Release|Any CPU
		{7051D9F2-BE09-4A62-85C6-56FD8D0DDD3B}.Release|Any CPU.Build.0 = Release|Any CPU
		{4854C2FB-ECBD-4A14-882A-8F618FAB2EC6}.Debug|Any CPU.ActiveCfg = Debug|Any CPU
		{4854C2FB-ECBD-4A14-882A-8F618FAB2EC6}.Debug|Any CPU.Build.0 = Debug|Any CPU
		{4854C2FB-ECBD-4A14-882A-8F618FAB2EC6}.Release|Any CPU.ActiveCfg = Release|Any CPU
		{4854C2FB-ECBD-4A14-882A-8F618FAB2EC6}.Release|Any CPU.Build.0 = Release|Any CPU
		{46B4A084-4181-4854-B797-C04DEBE15735}.Debug|Any CPU.ActiveCfg = Debug|Any CPU
		{46B4A084-4181-4854-B797-C04DEBE15735}.Debug|Any CPU.Build.0 = Debug|Any CPU
		{46B4A084-4181-4854-B797-C04DEBE15735}.Release|Any CPU.ActiveCfg = Release|Any CPU
		{46B4A084-4181-4854-B797-C04DEBE15735}.Release|Any CPU.Build.0 = Release|Any CPU
		{063C9EB4-2DB8-4D5F-B71F-1E99E4B7E2BD}.Debug|Any CPU.ActiveCfg = Debug|Any CPU
		{063C9EB4-2DB8-4D5F-B71F-1E99E4B7E2BD}.Debug|Any CPU.Build.0 = Debug|Any CPU
		{063C9EB4-2DB8-4D5F-B71F-1E99E4B7E2BD}.Release|Any CPU.ActiveCfg = Release|Any CPU
		{063C9EB4-2DB8-4D5F-B71F-1E99E4B7E2BD}.Release|Any CPU.Build.0 = Release|Any CPU
		{C9309ECF-1AC6-4CB2-A6B5-E0995916E465}.Debug|Any CPU.ActiveCfg = Debug|Any CPU
		{C9309ECF-1AC6-4CB2-A6B5-E0995916E465}.Debug|Any CPU.Build.0 = Debug|Any CPU
		{C9309ECF-1AC6-4CB2-A6B5-E0995916E465}.Release|Any CPU.ActiveCfg = Release|Any CPU
		{C9309ECF-1AC6-4CB2-A6B5-E0995916E465}.Release|Any CPU.Build.0 = Release|Any CPU
		{0370FAC2-4037-4A77-BC5F-F9D7538DA99C}.Debug|Any CPU.ActiveCfg = Debug|Any CPU
		{0370FAC2-4037-4A77-BC5F-F9D7538DA99C}.Debug|Any CPU.Build.0 = Debug|Any CPU
		{0370FAC2-4037-4A77-BC5F-F9D7538DA99C}.Release|Any CPU.ActiveCfg = Release|Any CPU
		{0370FAC2-4037-4A77-BC5F-F9D7538DA99C}.Release|Any CPU.Build.0 = Release|Any CPU
	EndGlobalSection
	GlobalSection(SolutionProperties) = preSolution
		HideSolutionNode = FALSE
	EndGlobalSection
	GlobalSection(ExtensibilityGlobals) = postSolution
		SolutionGuid = {CC12AA98-6B33-4BE4-B7A9-37102F3B310E}
	EndGlobalSection
EndGlobal
