
Microsoft Visual Studio Solution File, Format Version 12.00
# Visual Studio Version 16
VisualStudioVersion = 16.0.31112.23
MinimumVisualStudioVersion = 10.0.40219.1
Project("{9A19103F-16F7-4668-BE54-9A1E7A4F7556}") = "01. Day of Week", "01. Day of Week\01. Day of Week.csproj", "{8761C0A1-EE5A-4040-A95C-5D1036573086}"
EndProject
Project("{9A19103F-16F7-4668-BE54-9A1E7A4F7556}") = "02. Print Numbers in Reverse Order", "02. Print Numbers in Reverse Order\02. Print Numbers in Reverse Order.csproj", "{EA1E11BE-2E80-45E6-902A-F2E10C645CD9}"
EndProject
Project("{9A19103F-16F7-4668-BE54-9A1E7A4F7556}") = "03. Rounding Numbers", "03. Rounding Numbers\03. Rounding Numbers.csproj", "{8DE60A9E-D7BB-4344-B150-D475E62BCF34}"
EndProject
Project("{9A19103F-16F7-4668-BE54-9A1E7A4F7556}") = "04. Reverse Array of Strings", "04. Reverse Array of Strings\04. Reverse Array of Strings.csproj", "{46E29151-0B45-4F42-B54B-27DC56949E2C}"
EndProject
Project("{FAE04EC0-301F-11D3-BF4B-00C04F79EFBC}") = "05. Sum Even Numbers", "05. Sum Even Numbers\05. Sum Even Numbers.csproj", "{65F033CD-6050-471F-ADA1-2640C64F7433}"
EndProject
Project("{FAE04EC0-301F-11D3-BF4B-00C04F79EFBC}") = "06. Even and Odd Subtraction", "06. Even and Odd Subtraction\06. Even and Odd Subtraction.csproj", "{8BE237AB-13D4-4189-8EC4-C0F581ED95E5}"
EndProject
Project("{FAE04EC0-301F-11D3-BF4B-00C04F79EFBC}") = "07. Equal Arrays", "07. Equal Arrays\07. Equal Arrays.csproj", "{30F61C88-8E2C-42BE-B432-0AF86341078E}"
EndProject
Project("{FAE04EC0-301F-11D3-BF4B-00C04F79EFBC}") = "08. Condense Array to Number", "08. Condense Array to Number\08. Condense Array to Number.csproj", "{07500088-0ADE-42E9-A27B-216DBBFA2C80}"
EndProject
Global
	GlobalSection(SolutionConfigurationPlatforms) = preSolution
		Debug|Any CPU = Debug|Any CPU
		Release|Any CPU = Release|Any CPU
	EndGlobalSection
	GlobalSection(ProjectConfigurationPlatforms) = postSolution
		{8761C0A1-EE5A-4040-A95C-5D1036573086}.Debug|Any CPU.ActiveCfg = Debug|Any CPU
		{8761C0A1-EE5A-4040-A95C-5D1036573086}.Debug|Any CPU.Build.0 = Debug|Any CPU
		{8761C0A1-EE5A-4040-A95C-5D1036573086}.Release|Any CPU.ActiveCfg = Release|Any CPU
		{8761C0A1-EE5A-4040-A95C-5D1036573086}.Release|Any CPU.Build.0 = Release|Any CPU
		{EA1E11BE-2E80-45E6-902A-F2E10C645CD9}.Debug|Any CPU.ActiveCfg = Debug|Any CPU
		{EA1E11BE-2E80-45E6-902A-F2E10C645CD9}.Debug|Any CPU.Build.0 = Debug|Any CPU
		{EA1E11BE-2E80-45E6-902A-F2E10C645CD9}.Release|Any CPU.ActiveCfg = Release|Any CPU
		{EA1E11BE-2E80-45E6-902A-F2E10C645CD9}.Release|Any CPU.Build.0 = Release|Any CPU
		{8DE60A9E-D7BB-4344-B150-D475E62BCF34}.Debug|Any CPU.ActiveCfg = Debug|Any CPU
		{8DE60A9E-D7BB-4344-B150-D475E62BCF34}.Debug|Any CPU.Build.0 = Debug|Any CPU
		{8DE60A9E-D7BB-4344-B150-D475E62BCF34}.Release|Any CPU.ActiveCfg = Release|Any CPU
		{8DE60A9E-D7BB-4344-B150-D475E62BCF34}.Release|Any CPU.Build.0 = Release|Any CPU
		{46E29151-0B45-4F42-B54B-27DC56949E2C}.Debug|Any CPU.ActiveCfg = Debug|Any CPU
		{46E29151-0B45-4F42-B54B-27DC56949E2C}.Debug|Any CPU.Build.0 = Debug|Any CPU
		{46E29151-0B45-4F42-B54B-27DC56949E2C}.Release|Any CPU.ActiveCfg = Release|Any CPU
		{46E29151-0B45-4F42-B54B-27DC56949E2C}.Release|Any CPU.Build.0 = Release|Any CPU
		{65F033CD-6050-471F-ADA1-2640C64F7433}.Debug|Any CPU.ActiveCfg = Debug|Any CPU
		{65F033CD-6050-471F-ADA1-2640C64F7433}.Debug|Any CPU.Build.0 = Debug|Any CPU
		{65F033CD-6050-471F-ADA1-2640C64F7433}.Release|Any CPU.ActiveCfg = Release|Any CPU
		{65F033CD-6050-471F-ADA1-2640C64F7433}.Release|Any CPU.Build.0 = Release|Any CPU
		{8BE237AB-13D4-4189-8EC4-C0F581ED95E5}.Debug|Any CPU.ActiveCfg = Debug|Any CPU
		{8BE237AB-13D4-4189-8EC4-C0F581ED95E5}.Debug|Any CPU.Build.0 = Debug|Any CPU
		{8BE237AB-13D4-4189-8EC4-C0F581ED95E5}.Release|Any CPU.ActiveCfg = Release|Any CPU
		{8BE237AB-13D4-4189-8EC4-C0F581ED95E5}.Release|Any CPU.Build.0 = Release|Any CPU
		{30F61C88-8E2C-42BE-B432-0AF86341078E}.Debug|Any CPU.ActiveCfg = Debug|Any CPU
		{30F61C88-8E2C-42BE-B432-0AF86341078E}.Debug|Any CPU.Build.0 = Debug|Any CPU
		{30F61C88-8E2C-42BE-B432-0AF86341078E}.Release|Any CPU.ActiveCfg = Release|Any CPU
		{30F61C88-8E2C-42BE-B432-0AF86341078E}.Release|Any CPU.Build.0 = Release|Any CPU
		{07500088-0ADE-42E9-A27B-216DBBFA2C80}.Debug|Any CPU.ActiveCfg = Debug|Any CPU
		{07500088-0ADE-42E9-A27B-216DBBFA2C80}.Debug|Any CPU.Build.0 = Debug|Any CPU
		{07500088-0ADE-42E9-A27B-216DBBFA2C80}.Release|Any CPU.ActiveCfg = Release|Any CPU
		{07500088-0ADE-42E9-A27B-216DBBFA2C80}.Release|Any CPU.Build.0 = Release|Any CPU
	EndGlobalSection
	GlobalSection(SolutionProperties) = preSolution
		HideSolutionNode = FALSE
	EndGlobalSection
	GlobalSection(ExtensibilityGlobals) = postSolution
		SolutionGuid = {E6BAF74F-1063-43E7-A21A-DC71E49B7871}
	EndGlobalSection
EndGlobal
