
Microsoft Visual Studio Solution File, Format Version 12.00
# Visual Studio Version 16
VisualStudioVersion = 16.0.31205.134
MinimumVisualStudioVersion = 10.0.40219.1
Project("{FAE04EC0-301F-11D3-BF4B-00C04F79EFBC}") = "01. Count Chars in a String", "01. Count Chars in a String\01. Count Chars in a String.csproj", "{B1BE70F4-6D5A-48A9-95D0-A34D2633A643}"
EndProject
Project("{FAE04EC0-301F-11D3-BF4B-00C04F79EFBC}") = "02. A Miner Task", "02. A Miner Task\02. A Miner Task.csproj", "{EA0871F4-72B2-4EAB-A0CE-455BDDF48F7F}"
EndProject
Project("{FAE04EC0-301F-11D3-BF4B-00C04F79EFBC}") = "03. Legendary Farming", "03. Legendary Farming\03. Legendary Farming.csproj", "{833BF68A-4571-46E9-87A6-ACFFB3D6F47E}"
EndProject
Project("{FAE04EC0-301F-11D3-BF4B-00C04F79EFBC}") = "04. Orders", "04. Orders\04. Orders.csproj", "{303DA272-FA42-42C9-91DE-1C290FC73818}"
EndProject
Project("{FAE04EC0-301F-11D3-BF4B-00C04F79EFBC}") = "05. SoftUni Parking", "05. SoftUni Parking\05. SoftUni Parking.csproj", "{BD273317-8B5C-4D32-8472-4AAA28BCF360}"
EndProject
Global
	GlobalSection(SolutionConfigurationPlatforms) = preSolution
		Debug|Any CPU = Debug|Any CPU
		Release|Any CPU = Release|Any CPU
	EndGlobalSection
	GlobalSection(ProjectConfigurationPlatforms) = postSolution
		{B1BE70F4-6D5A-48A9-95D0-A34D2633A643}.Debug|Any CPU.ActiveCfg = Debug|Any CPU
		{B1BE70F4-6D5A-48A9-95D0-A34D2633A643}.Debug|Any CPU.Build.0 = Debug|Any CPU
		{B1BE70F4-6D5A-48A9-95D0-A34D2633A643}.Release|Any CPU.ActiveCfg = Release|Any CPU
		{B1BE70F4-6D5A-48A9-95D0-A34D2633A643}.Release|Any CPU.Build.0 = Release|Any CPU
		{EA0871F4-72B2-4EAB-A0CE-455BDDF48F7F}.Debug|Any CPU.ActiveCfg = Debug|Any CPU
		{EA0871F4-72B2-4EAB-A0CE-455BDDF48F7F}.Debug|Any CPU.Build.0 = Debug|Any CPU
		{EA0871F4-72B2-4EAB-A0CE-455BDDF48F7F}.Release|Any CPU.ActiveCfg = Release|Any CPU
		{EA0871F4-72B2-4EAB-A0CE-455BDDF48F7F}.Release|Any CPU.Build.0 = Release|Any CPU
		{833BF68A-4571-46E9-87A6-ACFFB3D6F47E}.Debug|Any CPU.ActiveCfg = Debug|Any CPU
		{833BF68A-4571-46E9-87A6-ACFFB3D6F47E}.Debug|Any CPU.Build.0 = Debug|Any CPU
		{833BF68A-4571-46E9-87A6-ACFFB3D6F47E}.Release|Any CPU.ActiveCfg = Release|Any CPU
		{833BF68A-4571-46E9-87A6-ACFFB3D6F47E}.Release|Any CPU.Build.0 = Release|Any CPU
		{303DA272-FA42-42C9-91DE-1C290FC73818}.Debug|Any CPU.ActiveCfg = Debug|Any CPU
		{303DA272-FA42-42C9-91DE-1C290FC73818}.Debug|Any CPU.Build.0 = Debug|Any CPU
		{303DA272-FA42-42C9-91DE-1C290FC73818}.Release|Any CPU.ActiveCfg = Release|Any CPU
		{303DA272-FA42-42C9-91DE-1C290FC73818}.Release|Any CPU.Build.0 = Release|Any CPU
		{BD273317-8B5C-4D32-8472-4AAA28BCF360}.Debug|Any CPU.ActiveCfg = Debug|Any CPU
		{BD273317-8B5C-4D32-8472-4AAA28BCF360}.Debug|Any CPU.Build.0 = Debug|Any CPU
		{BD273317-8B5C-4D32-8472-4AAA28BCF360}.Release|Any CPU.ActiveCfg = Release|Any CPU
		{BD273317-8B5C-4D32-8472-4AAA28BCF360}.Release|Any CPU.Build.0 = Release|Any CPU
	EndGlobalSection
	GlobalSection(SolutionProperties) = preSolution
		HideSolutionNode = FALSE
	EndGlobalSection
	GlobalSection(ExtensibilityGlobals) = postSolution
		SolutionGuid = {07893193-821C-4C5F-B67E-35CE2F57D8A5}
	EndGlobalSection
EndGlobal
