
Microsoft Visual Studio Solution File, Format Version 12.00
# Visual Studio Version 16
VisualStudioVersion = 16.0.30907.101
MinimumVisualStudioVersion = 10.0.40219.1
Project("{FAE04EC0-301F-11D3-BF4B-00C04F79EFBC}") = "01. Student Information", "01. Student Information\01. Student Information.csproj", "{5055FAC3-5246-4834-B90E-AC174F378006}"
EndProject
Project("{FAE04EC0-301F-11D3-BF4B-00C04F79EFBC}") = "02. Passed", "02. Passed\02. Passed.csproj", "{65E24020-AC14-4611-A08F-9C7A0DC6F4F2}"
EndProject
Project("{FAE04EC0-301F-11D3-BF4B-00C04F79EFBC}") = "03.Passed or Failed", "03.Passed or Failed\03.Passed or Failed.csproj", "{E4E05A50-713D-4FE2-AEF1-1D3A19CF4482}"
EndProject
Project("{FAE04EC0-301F-11D3-BF4B-00C04F79EFBC}") = "04. Back In 30 Minutes", "04. Back In 30 Minutes\04. Back In 30 Minutes.csproj", "{AAFE3E2E-3C36-4361-AF11-9CFD73E8F1D0}"
EndProject
Project("{FAE04EC0-301F-11D3-BF4B-00C04F79EFBC}") = "05. Month Printer", "05. Month Printer\05. Month Printer.csproj", "{E070042F-94E1-4C1B-9951-FB03526E59F6}"
EndProject
Project("{FAE04EC0-301F-11D3-BF4B-00C04F79EFBC}") = "06. Foreign Languages", "06. Foreign Languages\06. Foreign Languages.csproj", "{06969553-A262-4BBA-A65D-46B3D626A4B6}"
EndProject
Project("{FAE04EC0-301F-11D3-BF4B-00C04F79EFBC}") = "07. Theatre Promotion", "07. Theatre Promotion\07. Theatre Promotion.csproj", "{9DFC2371-F68A-42A2-AE9D-DD0ED47985C7}"
EndProject
Project("{FAE04EC0-301F-11D3-BF4B-00C04F79EFBC}") = "08. Divisible by 3", "08. Divisible by 3\08. Divisible by 3.csproj", "{950C1BF7-622B-441A-8C79-ACF3C639060C}"
EndProject
Project("{FAE04EC0-301F-11D3-BF4B-00C04F79EFBC}") = "09. Sum of Odd Numbers", "09. Sum of Odd Numbers\09. Sum of Odd Numbers.csproj", "{0DDE39AB-B6AC-4218-A4E6-2A0B06712766}"
EndProject
Project("{FAE04EC0-301F-11D3-BF4B-00C04F79EFBC}") = "10. Multiplication Table", "10. Multiplication Table\10. Multiplication Table.csproj", "{C1FCC7E2-17BC-42DB-AA9A-77A3117DCE0E}"
EndProject
Project("{FAE04EC0-301F-11D3-BF4B-00C04F79EFBC}") = "11. Multiplication Table 2.0", "11. Multiplication Table 2.0\11. Multiplication Table 2.0.csproj", "{CEECFC15-C5E8-4FDC-8012-283799216596}"
EndProject
Project("{FAE04EC0-301F-11D3-BF4B-00C04F79EFBC}") = "12. Even Number", "12. Even Number\12. Even Number.csproj", "{CABC2FCD-E92A-44E7-B847-DD442A0AB9E1}"
EndProject
Project("{FAE04EC0-301F-11D3-BF4B-00C04F79EFBC}") = "13. Holidays Between Two Dates", "13. Holidays Between Two Dates\13. Holidays Between Two Dates.csproj", "{08EA16EF-6816-4380-8EA6-4711261EF749}"
EndProject
Global
	GlobalSection(SolutionConfigurationPlatforms) = preSolution
		Debug|Any CPU = Debug|Any CPU
		Release|Any CPU = Release|Any CPU
	EndGlobalSection
	GlobalSection(ProjectConfigurationPlatforms) = postSolution
		{5055FAC3-5246-4834-B90E-AC174F378006}.Debug|Any CPU.ActiveCfg = Debug|Any CPU
		{5055FAC3-5246-4834-B90E-AC174F378006}.Debug|Any CPU.Build.0 = Debug|Any CPU
		{5055FAC3-5246-4834-B90E-AC174F378006}.Release|Any CPU.ActiveCfg = Release|Any CPU
		{5055FAC3-5246-4834-B90E-AC174F378006}.Release|Any CPU.Build.0 = Release|Any CPU
		{65E24020-AC14-4611-A08F-9C7A0DC6F4F2}.Debug|Any CPU.ActiveCfg = Debug|Any CPU
		{65E24020-AC14-4611-A08F-9C7A0DC6F4F2}.Debug|Any CPU.Build.0 = Debug|Any CPU
		{65E24020-AC14-4611-A08F-9C7A0DC6F4F2}.Release|Any CPU.ActiveCfg = Release|Any CPU
		{65E24020-AC14-4611-A08F-9C7A0DC6F4F2}.Release|Any CPU.Build.0 = Release|Any CPU
		{E4E05A50-713D-4FE2-AEF1-1D3A19CF4482}.Debug|Any CPU.ActiveCfg = Debug|Any CPU
		{E4E05A50-713D-4FE2-AEF1-1D3A19CF4482}.Debug|Any CPU.Build.0 = Debug|Any CPU
		{E4E05A50-713D-4FE2-AEF1-1D3A19CF4482}.Release|Any CPU.ActiveCfg = Release|Any CPU
		{E4E05A50-713D-4FE2-AEF1-1D3A19CF4482}.Release|Any CPU.Build.0 = Release|Any CPU
		{AAFE3E2E-3C36-4361-AF11-9CFD73E8F1D0}.Debug|Any CPU.ActiveCfg = Debug|Any CPU
		{AAFE3E2E-3C36-4361-AF11-9CFD73E8F1D0}.Debug|Any CPU.Build.0 = Debug|Any CPU
		{AAFE3E2E-3C36-4361-AF11-9CFD73E8F1D0}.Release|Any CPU.ActiveCfg = Release|Any CPU
		{AAFE3E2E-3C36-4361-AF11-9CFD73E8F1D0}.Release|Any CPU.Build.0 = Release|Any CPU
		{E070042F-94E1-4C1B-9951-FB03526E59F6}.Debug|Any CPU.ActiveCfg = Debug|Any CPU
		{E070042F-94E1-4C1B-9951-FB03526E59F6}.Debug|Any CPU.Build.0 = Debug|Any CPU
		{E070042F-94E1-4C1B-9951-FB03526E59F6}.Release|Any CPU.ActiveCfg = Release|Any CPU
		{E070042F-94E1-4C1B-9951-FB03526E59F6}.Release|Any CPU.Build.0 = Release|Any CPU
		{06969553-A262-4BBA-A65D-46B3D626A4B6}.Debug|Any CPU.ActiveCfg = Debug|Any CPU
		{06969553-A262-4BBA-A65D-46B3D626A4B6}.Debug|Any CPU.Build.0 = Debug|Any CPU
		{06969553-A262-4BBA-A65D-46B3D626A4B6}.Release|Any CPU.ActiveCfg = Release|Any CPU
		{06969553-A262-4BBA-A65D-46B3D626A4B6}.Release|Any CPU.Build.0 = Release|Any CPU
		{9DFC2371-F68A-42A2-AE9D-DD0ED47985C7}.Debug|Any CPU.ActiveCfg = Debug|Any CPU
		{9DFC2371-F68A-42A2-AE9D-DD0ED47985C7}.Debug|Any CPU.Build.0 = Debug|Any CPU
		{9DFC2371-F68A-42A2-AE9D-DD0ED47985C7}.Release|Any CPU.ActiveCfg = Release|Any CPU
		{9DFC2371-F68A-42A2-AE9D-DD0ED47985C7}.Release|Any CPU.Build.0 = Release|Any CPU
		{950C1BF7-622B-441A-8C79-ACF3C639060C}.Debug|Any CPU.ActiveCfg = Debug|Any CPU
		{950C1BF7-622B-441A-8C79-ACF3C639060C}.Debug|Any CPU.Build.0 = Debug|Any CPU
		{950C1BF7-622B-441A-8C79-ACF3C639060C}.Release|Any CPU.ActiveCfg = Release|Any CPU
		{950C1BF7-622B-441A-8C79-ACF3C639060C}.Release|Any CPU.Build.0 = Release|Any CPU
		{0DDE39AB-B6AC-4218-A4E6-2A0B06712766}.Debug|Any CPU.ActiveCfg = Debug|Any CPU
		{0DDE39AB-B6AC-4218-A4E6-2A0B06712766}.Debug|Any CPU.Build.0 = Debug|Any CPU
		{0DDE39AB-B6AC-4218-A4E6-2A0B06712766}.Release|Any CPU.ActiveCfg = Release|Any CPU
		{0DDE39AB-B6AC-4218-A4E6-2A0B06712766}.Release|Any CPU.Build.0 = Release|Any CPU
		{C1FCC7E2-17BC-42DB-AA9A-77A3117DCE0E}.Debug|Any CPU.ActiveCfg = Debug|Any CPU
		{C1FCC7E2-17BC-42DB-AA9A-77A3117DCE0E}.Debug|Any CPU.Build.0 = Debug|Any CPU
		{C1FCC7E2-17BC-42DB-AA9A-77A3117DCE0E}.Release|Any CPU.ActiveCfg = Release|Any CPU
		{C1FCC7E2-17BC-42DB-AA9A-77A3117DCE0E}.Release|Any CPU.Build.0 = Release|Any CPU
		{CEECFC15-C5E8-4FDC-8012-283799216596}.Debug|Any CPU.ActiveCfg = Debug|Any CPU
		{CEECFC15-C5E8-4FDC-8012-283799216596}.Debug|Any CPU.Build.0 = Debug|Any CPU
		{CEECFC15-C5E8-4FDC-8012-283799216596}.Release|Any CPU.ActiveCfg = Release|Any CPU
		{CEECFC15-C5E8-4FDC-8012-283799216596}.Release|Any CPU.Build.0 = Release|Any CPU
		{CABC2FCD-E92A-44E7-B847-DD442A0AB9E1}.Debug|Any CPU.ActiveCfg = Debug|Any CPU
		{CABC2FCD-E92A-44E7-B847-DD442A0AB9E1}.Debug|Any CPU.Build.0 = Debug|Any CPU
		{CABC2FCD-E92A-44E7-B847-DD442A0AB9E1}.Release|Any CPU.ActiveCfg = Release|Any CPU
		{CABC2FCD-E92A-44E7-B847-DD442A0AB9E1}.Release|Any CPU.Build.0 = Release|Any CPU
		{08EA16EF-6816-4380-8EA6-4711261EF749}.Debug|Any CPU.ActiveCfg = Debug|Any CPU
		{08EA16EF-6816-4380-8EA6-4711261EF749}.Debug|Any CPU.Build.0 = Debug|Any CPU
		{08EA16EF-6816-4380-8EA6-4711261EF749}.Release|Any CPU.ActiveCfg = Release|Any CPU
		{08EA16EF-6816-4380-8EA6-4711261EF749}.Release|Any CPU.Build.0 = Release|Any CPU
	EndGlobalSection
	GlobalSection(SolutionProperties) = preSolution
		HideSolutionNode = FALSE
	EndGlobalSection
	GlobalSection(ExtensibilityGlobals) = postSolution
		SolutionGuid = {ABF91140-77B1-4D6F-822E-E3EBB861E4EB}
	EndGlobalSection
EndGlobal
