
Microsoft Visual Studio Solution File, Format Version 12.00
# Visual Studio Version 16
VisualStudioVersion = 16.0.31205.134
MinimumVisualStudioVersion = 10.0.40219.1
Project("{9A19103F-16F7-4668-BE54-9A1E7A4F7556}") = "1. Winning Ticket", "1. Winning Ticket\1. Winning Ticket.csproj", "{A660FBB4-7A4A-4212-8A64-DA58DBEEE218}"
EndProject
Project("{9A19103F-16F7-4668-BE54-9A1E7A4F7556}") = "2. Rage Quit", "2. Rage Quit\2. Rage Quit.csproj", "{787FE87A-2862-44E2-8845-E6F7B6C366D2}"
EndProject
Project("{9A19103F-16F7-4668-BE54-9A1E7A4F7556}") = "3. Post Office", "3. Post Office\3. Post Office.csproj", "{B7C9929C-3D06-4573-A01C-CB7E509B5757}"
EndProject
Project("{FAE04EC0-301F-11D3-BF4B-00C04F79EFBC}") = "4. Santa's Secret Helper", "4. Santa's Secret Helper\4. Santa's Secret Helper.csproj", "{B7F6D801-52AD-4AA9-8723-374EA1BE0962}"
EndProject
Global
	GlobalSection(SolutionConfigurationPlatforms) = preSolution
		Debug|Any CPU = Debug|Any CPU
		Release|Any CPU = Release|Any CPU
	EndGlobalSection
	GlobalSection(ProjectConfigurationPlatforms) = postSolution
		{A660FBB4-7A4A-4212-8A64-DA58DBEEE218}.Debug|Any CPU.ActiveCfg = Debug|Any CPU
		{A660FBB4-7A4A-4212-8A64-DA58DBEEE218}.Debug|Any CPU.Build.0 = Debug|Any CPU
		{A660FBB4-7A4A-4212-8A64-DA58DBEEE218}.Release|Any CPU.ActiveCfg = Release|Any CPU
		{A660FBB4-7A4A-4212-8A64-DA58DBEEE218}.Release|Any CPU.Build.0 = Release|Any CPU
		{787FE87A-2862-44E2-8845-E6F7B6C366D2}.Debug|Any CPU.ActiveCfg = Debug|Any CPU
		{787FE87A-2862-44E2-8845-E6F7B6C366D2}.Debug|Any CPU.Build.0 = Debug|Any CPU
		{787FE87A-2862-44E2-8845-E6F7B6C366D2}.Release|Any CPU.ActiveCfg = Release|Any CPU
		{787FE87A-2862-44E2-8845-E6F7B6C366D2}.Release|Any CPU.Build.0 = Release|Any CPU
		{B7C9929C-3D06-4573-A01C-CB7E509B5757}.Debug|Any CPU.ActiveCfg = Debug|Any CPU
		{B7C9929C-3D06-4573-A01C-CB7E509B5757}.Debug|Any CPU.Build.0 = Debug|Any CPU
		{B7C9929C-3D06-4573-A01C-CB7E509B5757}.Release|Any CPU.ActiveCfg = Release|Any CPU
		{B7C9929C-3D06-4573-A01C-CB7E509B5757}.Release|Any CPU.Build.0 = Release|Any CPU
		{B7F6D801-52AD-4AA9-8723-374EA1BE0962}.Debug|Any CPU.ActiveCfg = Debug|Any CPU
		{B7F6D801-52AD-4AA9-8723-374EA1BE0962}.Debug|Any CPU.Build.0 = Debug|Any CPU
		{B7F6D801-52AD-4AA9-8723-374EA1BE0962}.Release|Any CPU.ActiveCfg = Release|Any CPU
		{B7F6D801-52AD-4AA9-8723-374EA1BE0962}.Release|Any CPU.Build.0 = Release|Any CPU
	EndGlobalSection
	GlobalSection(SolutionProperties) = preSolution
		HideSolutionNode = FALSE
	EndGlobalSection
	GlobalSection(ExtensibilityGlobals) = postSolution
		SolutionGuid = {2723ABFE-F101-4F08-BEC6-E6EFEE09E7B7}
	EndGlobalSection
EndGlobal
