
Microsoft Visual Studio Solution File, Format Version 12.00
# Visual Studio Version 16
VisualStudioVersion = 16.0.31205.134
MinimumVisualStudioVersion = 10.0.40219.1
Project("{FAE04EC0-301F-11D3-BF4B-00C04F79EFBC}") = "01. Reverse Strings", "01. Reverse Strings\01. Reverse Strings.csproj", "{A11E7A43-DEC7-481D-870F-95C094471BF4}"
EndProject
Project("{FAE04EC0-301F-11D3-BF4B-00C04F79EFBC}") = "02. Repeat Strings", "02. Repeat Strings\02. Repeat Strings.csproj", "{FB66B773-EA74-4065-9F7A-0554071755E3}"
EndProject
Project("{FAE04EC0-301F-11D3-BF4B-00C04F79EFBC}") = "03. Substring", "03. Substring\03. Substring.csproj", "{433BA55E-7380-404F-AC97-B6BC84CADA12}"
EndProject
Global
	GlobalSection(SolutionConfigurationPlatforms) = preSolution
		Debug|Any CPU = Debug|Any CPU
		Release|Any CPU = Release|Any CPU
	EndGlobalSection
	GlobalSection(ProjectConfigurationPlatforms) = postSolution
		{A11E7A43-DEC7-481D-870F-95C094471BF4}.Debug|Any CPU.ActiveCfg = Debug|Any CPU
		{A11E7A43-DEC7-481D-870F-95C094471BF4}.Debug|Any CPU.Build.0 = Debug|Any CPU
		{A11E7A43-DEC7-481D-870F-95C094471BF4}.Release|Any CPU.ActiveCfg = Release|Any CPU
		{A11E7A43-DEC7-481D-870F-95C094471BF4}.Release|Any CPU.Build.0 = Release|Any CPU
		{FB66B773-EA74-4065-9F7A-0554071755E3}.Debug|Any CPU.ActiveCfg = Debug|Any CPU
		{FB66B773-EA74-4065-9F7A-0554071755E3}.Debug|Any CPU.Build.0 = Debug|Any CPU
		{FB66B773-EA74-4065-9F7A-0554071755E3}.Release|Any CPU.ActiveCfg = Release|Any CPU
		{FB66B773-EA74-4065-9F7A-0554071755E3}.Release|Any CPU.Build.0 = Release|Any CPU
		{433BA55E-7380-404F-AC97-B6BC84CADA12}.Debug|Any CPU.ActiveCfg = Debug|Any CPU
		{433BA55E-7380-404F-AC97-B6BC84CADA12}.Debug|Any CPU.Build.0 = Debug|Any CPU
		{433BA55E-7380-404F-AC97-B6BC84CADA12}.Release|Any CPU.ActiveCfg = Release|Any CPU
		{433BA55E-7380-404F-AC97-B6BC84CADA12}.Release|Any CPU.Build.0 = Release|Any CPU
	EndGlobalSection
	GlobalSection(SolutionProperties) = preSolution
		HideSolutionNode = FALSE
	EndGlobalSection
	GlobalSection(ExtensibilityGlobals) = postSolution
		SolutionGuid = {5AAD6685-B492-4A70-938D-85EFDB20506C}
	EndGlobalSection
EndGlobal
